lockfileVersion: '9.0'

settings:
  autoInstallPeers: true
  excludeLinksFromLockfile: false

importers:

  .:
    dependencies:
      '@auth/prisma-adapter':
        specifier: ^2.0.0
        version: 2.0.0(@prisma/client@5.12.1(prisma@5.12.1))
      '@mantine/core':
        specifier: ^7.8.0
        version: 7.8.0(@mantine/hooks@7.8.0(react@18.2.0))(@types/react@18.2.79)(react-dom@18.2.0(react@18.2.0))(react@18.2.0)
      '@mantine/hooks':
        specifier: ^7.8.0
        version: 7.8.0(react@18.2.0)
      '@prisma/client':
        specifier: ^5.12.1
        version: 5.12.1(prisma@5.12.1)
      '@tabler/icons-react':
        specifier: ^3.2.0
        version: 3.2.0(react@18.2.0)
      clsx:
        specifier: ^2.1.0
        version: 2.1.0
      next:
        specifier: 14.2.2
        version: 14.2.2(react-dom@18.2.0(react@18.2.0))(react@18.2.0)
      next-auth:
        specifier: ^4.24.7
        version: 4.24.7(next@14.2.2(react-dom@18.2.0(react@18.2.0))(react@18.2.0))(react-dom@18.2.0(react@18.2.0))(react@18.2.0)
      query-string:
        specifier: ^9.0.0
        version: 9.0.0
      react:
        specifier: ^18
        version: 18.2.0
      react-dom:
        specifier: ^18
        version: 18.2.0(react@18.2.0)
      stripe:
        specifier: ^15.3.0
        version: 15.3.0
    devDependencies:
      '@faker-js/faker':
        specifier: ^8.4.1
        version: 8.4.1
      '@types/node':
        specifier: ^20
        version: 20.12.7
      '@types/react':
        specifier: ^18
        version: 18.2.79
      '@types/react-dom':
        specifier: ^18
        version: 18.2.25
      postcss:
        specifier: ^8.4.38
        version: 8.4.38
      postcss-preset-mantine:
        specifier: ^1.14.4
        version: 1.14.4(postcss@8.4.38)
      postcss-simple-vars:
        specifier: ^7.0.1
        version: 7.0.1(postcss@8.4.38)
      prisma:
        specifier: ^5.12.1
        version: 5.12.1
      ts-node:
        specifier: ^10.9.2
        version: 10.9.2(@types/node@20.12.7)(typescript@5.4.5)
      typescript:
        specifier: ^5
        version: 5.4.5

packages:

  '@auth/core@0.30.0':
    resolution: {integrity: sha512-8AE4m/nk+4EIiVCJwxZAsJeAQuzpEC8M8768mmKVn60CGDdupKQkVhxbRlm5Qh7eNRCoFFME+0DvtaX2aXrYaA==}
    peerDependencies:
      '@simplewebauthn/browser': ^9.0.1
      '@simplewebauthn/server': ^9.0.2
      nodemailer: ^6.8.0
    peerDependenciesMeta:
      '@simplewebauthn/browser':
        optional: true
      '@simplewebauthn/server':
        optional: true
      nodemailer:
        optional: true

  '@auth/prisma-adapter@2.0.0':
    resolution: {integrity: sha512-ZBH9mXBIeWNRl/HOWd+nnxZym42wQPsIeC69jlkShpEAYt1tB+ubwL13EdfG2GRueOG3+rkWOSHaDajyKdWe9w==}
    peerDependencies:
      '@prisma/client': '>=2.26.0 || >=3 || >=4 || >=5'

  '@babel/runtime@7.24.4':
    resolution: {integrity: sha512-dkxf7+hn8mFBwKjs9bvBlArzLVxVbS8usaPUDd5p2a9JCL9tB8OaOVN1isD4+Xyk4ns89/xeOmbQvgdK7IIVdA==}
    engines: {node: '>=6.9.0'}

  '@cspotcode/source-map-support@0.8.1':
    resolution: {integrity: sha512-IchNf6dN4tHoMFIn/7OE8LWZ19Y6q/67Bmf6vnGREv8RSbBVb9LPJxEcnwrcwX6ixSvaiGoomAUvu4YSxXrVgw==}
    engines: {node: '>=12'}

  '@faker-js/faker@8.4.1':
    resolution: {integrity: sha512-XQ3cU+Q8Uqmrbf2e0cIC/QN43sTBSC8KF12u29Mb47tWrt2hAgBXSgpZMj4Ao8Uk0iJcU99QsOCaIL8934obCg==}
    engines: {node: ^14.17.0 || ^16.13.0 || >=18.0.0, npm: '>=6.14.13'}

  '@floating-ui/core@1.6.0':
    resolution: {integrity: sha512-PcF++MykgmTj3CIyOQbKA/hDzOAiqI3mhuoN44WRCopIs1sgoDoU4oty4Jtqaj/y3oDU6fnVSm4QG0a3t5i0+g==}

  '@floating-ui/dom@1.6.3':
    resolution: {integrity: sha512-RnDthu3mzPlQ31Ss/BTwQ1zjzIhr3lk1gZB1OC56h/1vEtaXkESrOqL5fQVMfXpwGtRwX+YsZBdyHtJMQnkArw==}

  '@floating-ui/react-dom@2.0.8':
    resolution: {integrity: sha512-HOdqOt3R3OGeTKidaLvJKcgg75S6tibQ3Tif4eyd91QnIJWr0NLvoXFpJA/j8HqkFSL68GDca9AuyWEHlhyClw==}
    peerDependencies:
      react: '>=16.8.0'
      react-dom: '>=16.8.0'

  '@floating-ui/react@0.26.12':
    resolution: {integrity: sha512-D09o62HrWdIkstF2kGekIKAC0/N/Dl6wo3CQsnLcOmO3LkW6Ik8uIb3kw8JYkwxNCcg+uJ2bpWUiIijTBep05w==}
    peerDependencies:
      react: '>=16.8.0'
      react-dom: '>=16.8.0'

  '@floating-ui/utils@0.2.1':
    resolution: {integrity: sha512-9TANp6GPoMtYzQdt54kfAyMmz1+osLlXdg2ENroU7zzrtflTLrrC/lgrIfaSe+Wu0b89GKccT7vxXA0MoAIO+Q==}

  '@jridgewell/resolve-uri@3.1.2':
    resolution: {integrity: sha512-bRISgCIjP20/tbWSPWMEi54QVPRZExkuD9lJL+UIxUKtwVJA8wW1Trb1jMs1RFXo1CBTNZ/5hpC9QvmKWdopKw==}
    engines: {node: '>=6.0.0'}

  '@jridgewell/sourcemap-codec@1.4.15':
    resolution: {integrity: sha512-eF2rxCRulEKXHTRiDrDy6erMYWqNw4LPdQ8UQA4huuxaQsVeRPFl2oM8oDGxMFhJUWZf9McpLtJasDDZb/Bpeg==}

  '@jridgewell/trace-mapping@0.3.9':
    resolution: {integrity: sha512-3Belt6tdc8bPgAtbcmdtNJlirVoTmEb5e2gC94PnkwEW9jI6CAHUeoG85tjWP5WquqfavoMtMwiG4P926ZKKuQ==}

  '@mantine/core@7.8.0':
    resolution: {integrity: sha512-19RKuNdJ/s8pZjy2w2rvTsl4ybi/XM6vf+Kc0WY7kpLFCvdG+/UxNi1MuJF8t2Zs0QSFeb/H5yZQNe0XPbegHw==}
    peerDependencies:
      '@mantine/hooks': 7.8.0
      react: ^18.2.0
      react-dom: ^18.2.0

  '@mantine/hooks@7.8.0':
    resolution: {integrity: sha512-+70fkgjhVJeJ+nJqnburIM3UAsfvxat1Low9HMPobLbv64FIdB4Nzu5ct3qojNQ58r5sK01tg5UoFIJYslaVrg==}
    peerDependencies:
      react: ^18.2.0

  '@next/env@14.2.2':
    resolution: {integrity: sha512-sk72qRfM1Q90XZWYRoJKu/UWlTgihrASiYw/scb15u+tyzcze3bOuJ/UV6TBOQEeUaxOkRqGeuGUdiiuxc5oqw==}

  '@next/swc-darwin-arm64@14.2.2':
    resolution: {integrity: sha512-3iPgMhzbalizGwHNFUcGnDhFPSgVBHQ8aqSTAMxB5BvJG0oYrDf1WOJZlbXBgunOEj/8KMVbejEur/FpvFsgFQ==}
    engines: {node: '>= 10'}
    cpu: [arm64]
    os: [darwin]

  '@next/swc-darwin-x64@14.2.2':
    resolution: {integrity: sha512-x7Afi/jt0ZBRUZHTi49yyej4o8znfIMHO4RvThuoc0P+uli8Jd99y5GKjxoYunPKsXL09xBXEM1+OQy2xEL0Ag==}
    engines: {node: '>= 10'}
    cpu: [x64]
    os: [darwin]

  '@next/swc-linux-arm64-gnu@14.2.2':
    resolution: {integrity: sha512-zbfPtkk7L41ODMJwSp5VbmPozPmMMQrzAc0HAUomVeVIIwlDGs/UCqLJvLNDt4jpWgc21SjjyIn762lNGrMaUA==}
    engines: {node: '>= 10'}
    cpu: [arm64]
    os: [linux]

  '@next/swc-linux-arm64-musl@14.2.2':
    resolution: {integrity: sha512-wPbS3pI/JU16rm3XdLvvTmlsmm1nd+sBa2ohXgBZcShX4TgOjD4R+RqHKlI1cjo/jDZKXt6OxmcU0Iys0OC/yg==}
    engines: {node: '>= 10'}
    cpu: [arm64]
    os: [linux]

  '@next/swc-linux-x64-gnu@14.2.2':
    resolution: {integrity: sha512-NqWOHqqq8iC9tuHvZxjQ2tX+jWy2X9y8NX2mcB4sj2bIccuCxbIZrU/ThFPZZPauygajZuVQ6zediejQHwZHwQ==}
    engines: {node: '>= 10'}
    cpu: [x64]
    os: [linux]

  '@next/swc-linux-x64-musl@14.2.2':
    resolution: {integrity: sha512-lGepHhwb9sGhCcU7999+iK1ZZT+6rrIoVg40MP7DZski9GIZP80wORSbt5kJzh9v2x2ev2lxC6VgwMQT0PcgTA==}
    engines: {node: '>= 10'}
    cpu: [x64]
    os: [linux]

  '@next/swc-win32-arm64-msvc@14.2.2':
    resolution: {integrity: sha512-TZSh/48SfcLEQ4rD25VVn2kdIgUWmMflRX3OiyPwGNXn3NiyPqhqei/BaqCYXViIQ+6QsG9R0C8LftMqy8JPMA==}
    engines: {node: '>= 10'}
    cpu: [arm64]
    os: [win32]

  '@next/swc-win32-ia32-msvc@14.2.2':
    resolution: {integrity: sha512-M0tBVNMEBJN2ZNQWlcekMn6pvLria7Sa2Fai5znm7CCJz4pP3lrvlSxhKdkCerk0D9E0bqx5yAo3o2Q7RrD4gA==}
    engines: {node: '>= 10'}
    cpu: [ia32]
    os: [win32]

  '@next/swc-win32-x64-msvc@14.2.2':
    resolution: {integrity: sha512-a/20E/wtTJZ3Ykv3f/8F0l7TtgQa2LWHU2oNB9bsu0VjqGuGGHmm/q6waoUNQYTVPYrrlxxaHjJcDV6aiSTt/w==}
    engines: {node: '>= 10'}
    cpu: [x64]
    os: [win32]

  '@nodelib/fs.scandir@2.1.5':
    resolution: {integrity: sha512-vq24Bq3ym5HEQm2NKCr3yXDwjc7vTsEThRDnkp2DK9p1uqLR+DHurm/NOTo0KG7HYHU7eppKZj3MyqYuMBf62g==}
    engines: {node: '>= 8'}

  '@nodelib/fs.stat@2.0.5':
    resolution: {integrity: sha512-RkhPPp2zrqDAQA/2jNhnztcPAlv64XdhIp7a7454A5ovI7Bukxgt7MX7udwAu3zg1DcpPU0rz3VV1SeaqvY4+A==}
    engines: {node: '>= 8'}

  '@nodelib/fs.walk@1.2.8':
    resolution: {integrity: sha512-oGB+UxlgWcgQkgwo8GcEGwemoTFt3FIO9ababBmaGwXIoBKZ+GTy0pP185beGg7Llih/NSHSV2XAs1lnznocSg==}
    engines: {node: '>= 8'}

  '@panva/hkdf@1.1.1':
    resolution: {integrity: sha512-dhPeilub1NuIG0X5Kvhh9lH4iW3ZsHlnzwgwbOlgwQ2wG1IqFzsgHqmKPk3WzsdWAeaxKJxgM0+W433RmN45GA==}

  '@prisma/client@5.12.1':
    resolution: {integrity: sha512-6/JnizEdlSBxDIdiLbrBdMW5NqDxOmhXAJaNXiPpgzAPr/nLZResT6MMpbOHLo5yAbQ1Vv5UU8PTPRzb0WIxdA==}
    engines: {node: '>=16.13'}
    peerDependencies:
      prisma: '*'
    peerDependenciesMeta:
      prisma:
        optional: true

  '@prisma/debug@5.12.1':
    resolution: {integrity: sha512-kd/wNsR0klrv79o1ITsbWxYyh4QWuBidvxsXSParPsYSu0ircUmNk3q4ojsgNc3/81b0ozg76iastOG43tbf8A==}

  '@prisma/engines-version@5.12.0-21.473ed3124229e22d881cb7addf559799debae1ab':
    resolution: {integrity: sha512-6yvO8s80Tym61aB4QNtYZfWVmE3pwqe807jEtzm8C5VDe7nw8O1FGX3TXUaXmWV0fQTIAfRbeL2Gwrndabp/0g==}

  '@prisma/engines@5.12.1':
    resolution: {integrity: sha512-HQDdglLw2bZR/TXD2Y+YfDMvi5Q8H+acbswqOsWyq9pPjBLYJ6gzM+ptlTU/AV6tl0XSZLU1/7F4qaWa8bqpJA==}

  '@prisma/fetch-engine@5.12.1':
    resolution: {integrity: sha512-qSs3KcX1HKcea1A+hlJVK/ljj0PNIUHDxAayGMvgJBqmaN32P9tCidlKz1EGv6WoRFICYnk3Dd/YFLBwnFIozA==}

  '@prisma/get-platform@5.12.1':
    resolution: {integrity: sha512-pgIR+pSvhYHiUcqXVEZS31NrFOTENC9yFUdEAcx7cdQBoZPmHVjtjN4Ss6NzVDMYPrKJJ51U14EhEoeuBlMioQ==}

  '@swc/counter@0.1.3':
    resolution: {integrity: sha512-e2BR4lsJkkRlKZ/qCHPw9ZaSxc0MVUd7gtbtaB7aMvHeJVYe8sOB8DBZkP2DtISHGSku9sCK6T6cnY0CtXrOCQ==}

  '@swc/helpers@0.5.5':
    resolution: {integrity: sha512-KGYxvIOXcceOAbEk4bi/dVLEK9z8sZ0uBB3Il5b1rhfClSpcX0yfRO0KmTkqR2cnQDymwLB+25ZyMzICg/cm/A==}

  '@tabler/icons-react@3.2.0':
    resolution: {integrity: sha512-b1mZT1XpZrzvbM+eFe1YbYbxkzgJ18tM4knZKqXh0gnHDZ6XVLIH3TzJZ3HZ7PTkUqZLZ7XcGae3qQVGburlBw==}
    peerDependencies:
      react: '>= 16'

  '@tabler/icons@3.2.0':
    resolution: {integrity: sha512-h8GQ2rtxgiSjltrVz4vcopAxTPSpUSUi5nBfJ09H3Bk4fJk6wZ/dVUjzhv/BHfDwGTkAxZBiYe/Q/T95cPeg5Q==}

  '@tsconfig/node10@1.0.11':
    resolution: {integrity: sha512-DcRjDCujK/kCk/cUe8Xz8ZSpm8mS3mNNpta+jGCA6USEDfktlNvm1+IuZ9eTcDbNk41BHwpHHeW+N1lKCz4zOw==}

  '@tsconfig/node12@1.0.11':
    resolution: {integrity: sha512-cqefuRsh12pWyGsIoBKJA9luFu3mRxCA+ORZvA4ktLSzIuCUtWVxGIuXigEwO5/ywWFMZ2QEGKWvkZG1zDMTag==}

  '@tsconfig/node14@1.0.3':
    resolution: {integrity: sha512-ysT8mhdixWK6Hw3i1V2AeRqZ5WfXg1G43mqoYlM2nc6388Fq5jcXyr5mRsqViLx/GJYdoL0bfXD8nmF+Zn/Iow==}

  '@tsconfig/node16@1.0.4':
    resolution: {integrity: sha512-vxhUy4J8lyeyinH7Azl1pdd43GJhZH/tP2weN8TntQblOY+A0XbT8DJk1/oCPuOOyg/Ja757rG0CgHcWC8OfMA==}

  '@types/cookie@0.6.0':
    resolution: {integrity: sha512-4Kh9a6B2bQciAhf7FSuMRRkUWecJgJu9nPnx3yzpsfXX/c50REIqpHY4C82bXP90qrLtXtkDxTZosYO3UpOwlA==}

  '@types/node@20.12.7':
    resolution: {integrity: sha512-wq0cICSkRLVaf3UGLMGItu/PtdY7oaXaI/RVU+xliKVOtRna3PRY57ZDfztpDL0n11vfymMUnXv8QwYCO7L1wg==}

  '@types/prop-types@15.7.12':
    resolution: {integrity: sha512-5zvhXYtRNRluoE/jAp4GVsSduVUzNWKkOZrCDBWYtE7biZywwdC2AcEzg+cSMLFRfVgeAFqpfNabiPjxFddV1Q==}

  '@types/react-dom@18.2.25':
    resolution: {integrity: sha512-o/V48vf4MQh7juIKZU2QGDfli6p1+OOi5oXx36Hffpc9adsHeXjVp8rHuPkjd8VT8sOJ2Zp05HR7CdpGTIUFUA==}

  '@types/react@18.2.79':
    resolution: {integrity: sha512-RwGAGXPl9kSXwdNTafkOEuFrTBD5SA2B3iEB96xi8+xu5ddUa/cpvyVCSNn+asgLCTHkb5ZxN8gbuibYJi4s1w==}

  acorn-walk@8.3.2:
    resolution: {integrity: sha512-cjkyv4OtNCIeqhHrfS81QWXoCBPExR/J62oyEqepVw8WaQeSqpW2uhuLPh1m9eWhDuOo/jUXVTlifvesOWp/4A==}
    engines: {node: '>=0.4.0'}

  acorn@8.11.3:
    resolution: {integrity: sha512-Y9rRfJG5jcKOE0CLisYbojUjIrIEE7AGMzA/Sm4BslANhbS+cDMpgBdcPT91oJ7OuJ9hYJBx59RjbhxVnrF8Xg==}
    engines: {node: '>=0.4.0'}
    hasBin: true

  arg@4.1.3:
    resolution: {integrity: sha512-58S9QDqG0Xx27YwPSt9fJxivjYl432YCwfDMfZ+71RAqUrZef7LrKQZ3LHLOwCS4FLNBplP533Zx895SeOCHvA==}

  braces@3.0.2:
    resolution: {integrity: sha512-b8um+L1RzM3WDSzvhm6gIz1yfTbBt6YTlcEKAvsmqCZZFw46z626lVj9j1yEPW33H5H+lBQpZMP1k8l+78Ha0A==}
    engines: {node: '>=8'}

  busboy@1.6.0:
    resolution: {integrity: sha512-8SFQbg/0hQ9xy3UNTB0YEnsNBbWfhf7RtnzpL7TkBiTBRfrQ9Fxcnz7VJsleJpyp6rVLvXiuORqjlHi5q+PYuA==}
    engines: {node: '>=10.16.0'}

  call-bind@1.0.7:
    resolution: {integrity: sha512-GHTSNSYICQ7scH7sZ+M2rFopRoLh8t2bLSW6BbgrtLsahOIB5iyAVJf9GjWK3cYTDaMj4XdBpM1cA6pIS0Kv2w==}
    engines: {node: '>= 0.4'}

  camelcase-css@2.0.1:
    resolution: {integrity: sha512-QOSvevhslijgYwRx6Rv7zKdMF8lbRmx+uQGx2+vDc+KI/eBnsy9kit5aj23AgGu3pa4t9AgwbnXWqS+iOY+2aA==}
    engines: {node: '>= 6'}

  caniuse-lite@1.0.30001610:
    resolution: {integrity: sha512-QFutAY4NgaelojVMjY63o6XlZyORPaLfyMnsl3HgnWdJUcX6K0oaJymHjH8PT5Gk7sTm8rvC/c5COUQKXqmOMA==}

  client-only@0.0.1:
    resolution: {integrity: sha512-IV3Ou0jSMzZrd3pZ48nLkT9DA7Ag1pnPzaiQhpW7c3RbcqqzvzzVu+L8gfqMp/8IM2MQtSiqaCxrrcfu8I8rMA==}

  clsx@2.1.0:
    resolution: {integrity: sha512-m3iNNWpd9rl3jvvcBnu70ylMdrXt8Vlq4HYadnU5fwcOtvkSQWPmj7amUcDT2qYI7risszBjI5AUIUox9D16pg==}
    engines: {node: '>=6'}

  cookie@0.5.0:
    resolution: {integrity: sha512-YZ3GUyn/o8gfKJlnlX7g7xq4gyO6OSuhGPKaaGssGB2qgDUS0gPgtTvoyZLTt9Ab6dC4hfc9dV5arkvc/OCmrw==}
    engines: {node: '>= 0.6'}

  cookie@0.6.0:
    resolution: {integrity: sha512-U71cyTamuh1CRNCfpGY6to28lxvNwPG4Guz/EVjgf3Jmzv0vlDp1atT9eS5dDjMYHucpHbWns6Lwf3BKz6svdw==}
    engines: {node: '>= 0.6'}

  create-require@1.1.1:
    resolution: {integrity: sha512-dcKFX3jn0MpIaXjisoRvexIJVEKzaq7z2rZKxf+MSr9TkdmHmsU4m2lcLojrj/FHl8mk5VxMmYA+ftRkP/3oKQ==}

  cssesc@3.0.0:
    resolution: {integrity: sha512-/Tb/JcjK111nNScGob5MNtsntNM1aCNUDipB/TkwZFhyDrrE47SOx/18wF2bbjgc3ZzCSKW1T5nt5EbFoAz/Vg==}
    engines: {node: '>=4'}
    hasBin: true

  csstype@3.1.3:
    resolution: {integrity: sha512-M1uQkMl8rQK/szD0LNhtqxIPLpimGm8sOBwU7lLnCpSbTyY3yeU1Vc7l4KT5zT4s/yOxHH5O7tIuuLOCnLADRw==}

  decode-uri-component@0.4.1:
    resolution: {integrity: sha512-+8VxcR21HhTy8nOt6jf20w0c9CADrw1O8d+VZ/YzzCt4bJ3uBjw+D1q2osAB8RnpwwaeYBxy0HyKQxD5JBMuuQ==}
    engines: {node: '>=14.16'}

  define-data-property@1.1.4:
    resolution: {integrity: sha512-rBMvIzlpA8v6E+SJZoo++HAYqsLrkg7MSfIinMPFhmkorw7X+dOXVJQs+QT69zGkzMyfDnIMN2Wid1+NbL3T+A==}
    engines: {node: '>= 0.4'}

  detect-node-es@1.1.0:
    resolution: {integrity: sha512-ypdmJU/TbBby2Dxibuv7ZLW3Bs1QEmM7nHjEANfohJLvE0XVujisn1qPJcZxg+qDucsr+bP6fLD1rPS3AhJ7EQ==}

  diff@4.0.2:
    resolution: {integrity: sha512-58lmxKSA4BNyLz+HHMUzlOEpg09FV+ev6ZMe3vJihgdxzgcwZ8VoEEPmALCZG9LmqfVoNMMKpttIYTVG6uDY7A==}
    engines: {node: '>=0.3.1'}

  es-define-property@1.0.0:
    resolution: {integrity: sha512-jxayLKShrEqqzJ0eumQbVhTYQM27CfT1T35+gCgDFoL82JLsXqTJ76zv6A0YLOgEnLUMvLzsDsGIrl8NFpT2gQ==}
    engines: {node: '>= 0.4'}

  es-errors@1.3.0:
    resolution: {integrity: sha512-Zf5H2Kxt2xjTvbJvP2ZWLEICxA6j+hAmMzIlypy4xcBg1vKVnx89Wy0GbS+kf5cwCVFFzdCFh2XSCFNULS6csw==}
    engines: {node: '>= 0.4'}

  fast-glob@3.3.2:
    resolution: {integrity: sha512-oX2ruAFQwf/Orj8m737Y5adxDQO0LAB7/S5MnxCdTNDd4p6BsyIVsv9JQsATbTSq8KHRpLwIHbVlUNatxd+1Ow==}
    engines: {node: '>=8.6.0'}

  fastq@1.17.1:
    resolution: {integrity: sha512-sRVD3lWVIXWg6By68ZN7vho9a1pQcN/WBFaAAsDDFzlJjvoGx0P8z7V1t72grFJfJhu3YPZBuu25f7Kaw2jN1w==}

  fill-range@7.0.1:
    resolution: {integrity: sha512-qOo9F+dMUmC2Lcb4BbVvnKJxTPjCm+RRpe4gDuGrzkL7mEVl/djYSu2OdQ2Pa302N4oqkSg9ir6jaLWJ2USVpQ==}
    engines: {node: '>=8'}

  filter-obj@5.1.0:
    resolution: {integrity: sha512-qWeTREPoT7I0bifpPUXtxkZJ1XJzxWtfoWWkdVGqa+eCr3SHW/Ocp89o8vLvbUuQnadybJpjOKu4V+RwO6sGng==}
    engines: {node: '>=14.16'}

  function-bind@1.1.2:
    resolution: {integrity: sha512-7XHNxH7qX9xG5mIwxkhumTox/MIRNcOgDrxWsMt2pAr23WHp6MrRlN7FBSFpCpr+oVO0F744iUgR82nJMfG2SA==}

  get-intrinsic@1.2.4:
    resolution: {integrity: sha512-5uYhsJH8VJBTv7oslg4BznJYhDoRI6waYCxMmCdnTrcCrHA/fCFKoTFz2JKKE0HdDFUF7/oQuhzumXJK7paBRQ==}
    engines: {node: '>= 0.4'}

  get-nonce@1.0.1:
    resolution: {integrity: sha512-FJhYRoDaiatfEkUK8HKlicmu/3SGFD51q3itKDGoSTysQJBnfOcxU5GxnhE1E6soB76MbT0MBtnKJuXyAx+96Q==}
    engines: {node: '>=6'}

  glob-parent@5.1.2:
    resolution: {integrity: sha512-AOIgSQCepiJYwP3ARnGx+5VnTu2HBYdzbGP45eLw1vr3zB3vZLeyed1sC9hnbcOc9/SrMyM5RPQrkGz4aS9Zow==}
    engines: {node: '>= 6'}

  gopd@1.0.1:
    resolution: {integrity: sha512-d65bNlIadxvpb/A2abVdlqKqV563juRnZ1Wtk6s1sIR8uNsXR70xqIzVqxVf1eTqDunwT2MkczEeaezCKTZhwA==}

  graceful-fs@4.2.11:
    resolution: {integrity: sha512-RbJ5/jmFcNNCcDV5o9eTnBLJ/HszWV0P73bc+Ff4nS/rJj+YaS6IGyiOL0VoBYX+l1Wrl3k63h/KrH+nhJ0XvQ==}

  has-property-descriptors@1.0.2:
    resolution: {integrity: sha512-55JNKuIW+vq4Ke1BjOTjM2YctQIvCT7GFzHwmfZPGo5wnrgkid0YQtnAleFSqumZm4az3n2BS+erby5ipJdgrg==}

  has-proto@1.0.3:
    resolution: {integrity: sha512-SJ1amZAJUiZS+PhsVLf5tGydlaVB8EdFpaSO4gmiUKUOxk8qzn5AIy4ZeJUmh22znIdk/uMAUT2pl3FxzVUH+Q==}
    engines: {node: '>= 0.4'}

  has-symbols@1.0.3:
    resolution: {integrity: sha512-l3LCuF6MgDNwTDKkdYGEihYjt5pRPbEg46rtlmnSPlUbgmB8LOIrKJbYYFBSbnPaJexMKtiPO8hmeRjRz2Td+A==}
    engines: {node: '>= 0.4'}

  hasown@2.0.2:
    resolution: {integrity: sha512-0hJU9SCPvmMzIBdZFqNPXWa6dqh7WdH0cII9y+CyS8rG3nL48Bclra9HmKhVVUHyPWNH5Y7xDwAB7bfgSjkUMQ==}
    engines: {node: '>= 0.4'}

  invariant@2.2.4:
    resolution: {integrity: sha512-phJfQVBuaJM5raOpJjSfkiD6BpbCE4Ns//LaXl6wGYtUBY83nWS6Rf9tXm2e8VaK60JEjYldbPif/A2B1C2gNA==}

  is-extglob@2.1.1:
    resolution: {integrity: sha512-SbKbANkN603Vi4jEZv49LeVJMn4yGwsbzZworEoyEiutsN3nJYdbO36zfhGJ6QEDpOZIFkDtnq5JRxmvl3jsoQ==}
    engines: {node: '>=0.10.0'}

  is-glob@4.0.3:
    resolution: {integrity: sha512-xelSayHH36ZgE7ZWhli7pW34hNbNl8Ojv5KVmkJD4hBdD3th8Tfk9vYasLM+mXWOZhFkgZfxhLSnrwRr4elSSg==}
    engines: {node: '>=0.10.0'}

  is-number@7.0.0:
    resolution: {integrity: sha512-41Cifkg6e8TylSpdtTpeLVMqvSBEVzTttHvERD741+pnZ8ANv0004MRL43QKPDlK9cGvNp6NZWZUBlbGXYxxng==}
    engines: {node: '>=0.12.0'}

  jose@4.15.5:
    resolution: {integrity: sha512-jc7BFxgKPKi94uOvEmzlSWFFe2+vASyXaKUpdQKatWAESU2MWjDfFf0fdfc83CDKcA5QecabZeNLyfhe3yKNkg==}

  jose@5.2.4:
    resolution: {integrity: sha512-6ScbIk2WWCeXkmzF6bRPmEuaqy1m8SbsRFMa/FLrSCkGIhj8OLVG/IH+XHVmNMx/KUo8cVWEE6oKR4dJ+S0Rkg==}

  js-tokens@4.0.0:
    resolution: {integrity: sha512-RdJUflcE3cUzKiMqQgsCu06FPu9UdIJO0beYbPhHN4k6apgJtifcoCtT9bcxOpYBtpD2kCM6Sbzg4CausW/PKQ==}

  loose-envify@1.4.0:
    resolution: {integrity: sha512-lyuxPGr/Wfhrlem2CL/UcnUc1zcqKAImBDzukY7Y5F/yQiNdko6+fRLevlw1HgMySw7f611UIY408EtxRSoK3Q==}
    hasBin: true

  lru-cache@6.0.0:
    resolution: {integrity: sha512-Jo6dJ04CmSjuznwJSS3pUeWmd/H0ffTlkXXgwZi+eq1UCmqQwCh+eLsYOYCwY991i2Fah4h1BEMCx4qThGbsiA==}
    engines: {node: '>=10'}

  make-error@1.3.6:
    resolution: {integrity: sha512-s8UhlNe7vPKomQhC1qFelMokr/Sc3AgNbso3n74mVPA5LTZwkB9NlXf4XPamLxJE8h0gh73rM94xvwRT2CVInw==}

  merge2@1.4.1:
    resolution: {integrity: sha512-8q7VEgMJW4J8tcfVPy8g09NcQwZdbwFEqhe/WZkoIzjn/3TGDwtOCYtXGxA3O8tPzpczCCDgv+P2P5y00ZJOOg==}
    engines: {node: '>= 8'}

  micromatch@4.0.5:
    resolution: {integrity: sha512-DMy+ERcEW2q8Z2Po+WNXuw3c5YaUSFjAO5GsJqfEl7UjvtIuFKO6ZrKvcItdy98dwFI2N1tg3zNIdKaQT+aNdA==}
    engines: {node: '>=8.6'}

  nanoid@3.3.7:
    resolution: {integrity: sha512-eSRppjcPIatRIMC1U6UngP8XFcz8MQWGQdt1MTBQ7NaAmvXDfvNxbvWV3x2y6CdEUciCSsDHDQZbhYaB8QEo2g==}
    engines: {node: ^10 || ^12 || ^13.7 || ^14 || >=15.0.1}
    hasBin: true

  next-auth@4.24.7:
    resolution: {integrity: sha512-iChjE8ov/1K/z98gdKbn2Jw+2vLgJtVV39X+rCP5SGnVQuco7QOr19FRNGMIrD8d3LYhHWV9j9sKLzq1aDWWQQ==}
    peerDependencies:
      next: ^12.2.5 || ^13 || ^14
      nodemailer: ^6.6.5
      react: ^17.0.2 || ^18
      react-dom: ^17.0.2 || ^18
    peerDependenciesMeta:
      nodemailer:
        optional: true

  next@14.2.2:
    resolution: {integrity: sha512-oGwUaa2bCs47FbuxWMpOoXtBMPYpvTPgdZr3UAo+pu7Ns00z9otmYpoeV1HEiYL06AlRQQIA/ypK526KjJfaxg==}
    engines: {node: '>=18.17.0'}
    hasBin: true
    peerDependencies:
      '@opentelemetry/api': ^1.1.0
      '@playwright/test': ^1.41.2
      react: ^18.2.0
      react-dom: ^18.2.0
      sass: ^1.3.0
    peerDependenciesMeta:
      '@opentelemetry/api':
        optional: true
      '@playwright/test':
        optional: true
      sass:
        optional: true

  oauth4webapi@2.10.4:
    resolution: {integrity: sha512-DSoj8QoChzOCQlJkRmYxAJCIpnXFW32R0Uq7avyghIeB6iJq0XAblOD7pcq3mx4WEBDwMuKr0Y1qveCBleG2Xw==}

  oauth@0.9.15:
    resolution: {integrity: sha512-a5ERWK1kh38ExDEfoO6qUHJb32rd7aYmPHuyCu3Fta/cnICvYmgd2uhuKXvPD+PXB+gCEYYEaQdIRAjCOwAKNA==}

  object-assign@4.1.1:
    resolution: {integrity: sha512-rJgTQnkUnH1sFw8yT6VSU3zD3sWmu6sZhIseY8VX+GRu3P6F7Fu+JNDoXfklElbLJSnc3FUQHVe4cU5hj+BcUg==}
    engines: {node: '>=0.10.0'}

  object-hash@2.2.0:
    resolution: {integrity: sha512-gScRMn0bS5fH+IuwyIFgnh9zBdo4DV+6GhygmWM9HyNJSgS0hScp1f5vjtm7oIIOiT9trXrShAkLFSc2IqKNgw==}
    engines: {node: '>= 6'}

  object-inspect@1.13.1:
    resolution: {integrity: sha512-5qoj1RUiKOMsCCNLV1CBiPYE10sziTsnmNxkAI/rZhiD63CF7IqdFGC/XzjWjpSgLf0LxXX3bDFIh0E18f6UhQ==}

  oidc-token-hash@5.0.3:
    resolution: {integrity: sha512-IF4PcGgzAr6XXSff26Sk/+P4KZFJVuHAJZj3wgO3vX2bMdNVp/QXTP3P7CEm9V1IdG8lDLY3HhiqpsE/nOwpPw==}
    engines: {node: ^10.13.0 || >=12.0.0}

  openid-client@5.6.5:
    resolution: {integrity: sha512-5P4qO9nGJzB5PI0LFlhj4Dzg3m4odt0qsJTfyEtZyOlkgpILwEioOhVVJOrS1iVH494S4Ee5OCjjg6Bf5WOj3w==}

  picocolors@1.0.0:
    resolution: {integrity: sha512-1fygroTLlHu66zi26VoTDv8yRgm0Fccecssto+MhsZ0D/DGW2sm8E8AjW7NU5VVTRt5GxbeZ5qBuJr+HyLYkjQ==}

  picomatch@2.3.1:
    resolution: {integrity: sha512-JU3teHTNjmE2VCGFzuY8EXzCDVwEqB2a8fsIvwaStHhAWJEeVd1o1QD80CU6+ZdEXXSLbSsuLwJjkCBWqRQUVA==}
    engines: {node: '>=8.6'}

  postcss-js@4.0.1:
    resolution: {integrity: sha512-dDLF8pEO191hJMtlHFPRa8xsizHaM82MLfNkUHdUtVEV3tgTp5oj+8qbEqYM57SLfc74KSbw//4SeJma2LRVIw==}
    engines: {node: ^12 || ^14 || >= 16}
    peerDependencies:
      postcss: ^8.4.21

  postcss-mixins@9.0.4:
    resolution: {integrity: sha512-XVq5jwQJDRu5M1XGkdpgASqLk37OqkH4JCFDXl/Dn7janOJjCTEKL+36cnRVy7bMtoBzALfO7bV7nTIsFnUWLA==}
    engines: {node: '>=14.0'}
    peerDependencies:
      postcss: ^8.2.14

  postcss-nested@6.0.1:
    resolution: {integrity: sha512-mEp4xPMi5bSWiMbsgoPfcP74lsWLHkQbZc3sY+jWYd65CUwXrUaTp0fmNpa01ZcETKlIgUdFN/MpS2xZtqL9dQ==}
    engines: {node: '>=12.0'}
    peerDependencies:
      postcss: ^8.2.14

  postcss-preset-mantine@1.14.4:
    resolution: {integrity: sha512-T1K3MVhU1hA9mJWfqoGvMcK5WKcHpVi4JUX6AYTbESvp78WneB/KFONUi+eXDG9Lpw62W/KNxEYl1ic3Dpm88w==}
    peerDependencies:
      postcss: '>=8.0.0'

  postcss-selector-parser@6.0.16:
    resolution: {integrity: sha512-A0RVJrX+IUkVZbW3ClroRWurercFhieevHB38sr2+l9eUClMqome3LmEmnhlNy+5Mr2EYN6B2Kaw9wYdd+VHiw==}
    engines: {node: '>=4'}

  postcss-simple-vars@7.0.1:
    resolution: {integrity: sha512-5GLLXaS8qmzHMOjVxqkk1TZPf1jMqesiI7qLhnlyERalG0sMbHIbJqrcnrpmZdKCLglHnRHoEBB61RtGTsj++A==}
    engines: {node: '>=14.0'}
    peerDependencies:
      postcss: ^8.2.1

  postcss@8.4.31:
    resolution: {integrity: sha512-PS08Iboia9mts/2ygV3eLpY5ghnUcfLV/EXTOW1E2qYxJKGGBUtNjN76FYHnMs36RmARn41bC0AZmn+rR0OVpQ==}
    engines: {node: ^10 || ^12 || >=14}

  postcss@8.4.38:
    resolution: {integrity: sha512-Wglpdk03BSfXkHoQa3b/oulrotAkwrlLDRSOb9D0bN86FdRyE9lppSp33aHNPgBa0JKCoB+drFLZkQoRRYae5A==}
    engines: {node: ^10 || ^12 || >=14}

  preact-render-to-string@5.2.3:
    resolution: {integrity: sha512-aPDxUn5o3GhWdtJtW0svRC2SS/l8D9MAgo2+AWml+BhDImb27ALf04Q2d+AHqUUOc6RdSXFIBVa2gxzgMKgtZA==}
    peerDependencies:
      preact: '>=10'

  preact-render-to-string@5.2.6:
    resolution: {integrity: sha512-JyhErpYOvBV1hEPwIxc/fHWXPfnEGdRKxc8gFdAZ7XV4tlzyzG847XAyEZqoDnynP88akM4eaHcSOzNcLWFguw==}
    peerDependencies:
      preact: '>=10'

  preact@10.11.3:
    resolution: {integrity: sha512-eY93IVpod/zG3uMF22Unl8h9KkrcKIRs2EGar8hwLZZDU1lkjph303V9HZBwufh2s736U6VXuhD109LYqPoffg==}

  preact@10.20.2:
    resolution: {integrity: sha512-S1d1ernz3KQ+Y2awUxKakpfOg2CEmJmwOP+6igPx6dgr6pgDvenqYviyokWso2rhHvGtTlWWnJDa7RaPbQerTg==}

  pretty-format@3.8.0:
    resolution: {integrity: sha512-WuxUnVtlWL1OfZFQFuqvnvs6MiAGk9UNsBostyBOB0Is9wb5uRESevA6rnl/rkksXaGX3GzZhPup5d6Vp1nFew==}

  prisma@5.12.1:
    resolution: {integrity: sha512-SkMnb6wyIxTv9ACqiHBI2u9gD6y98qXRoCoLEnZsF6yee5Qg828G+ARrESN+lQHdw4maSZFFSBPPDpvSiVTo0Q==}
    engines: {node: '>=16.13'}
    hasBin: true

  prop-types@15.8.1:
    resolution: {integrity: sha512-oj87CgZICdulUohogVAR7AjlC0327U4el4L6eAvOqCeudMDVU0NThNaV+b9Df4dXgSP1gXMTnPdhfe/2qDH5cg==}

  qs@6.12.1:
    resolution: {integrity: sha512-zWmv4RSuB9r2mYQw3zxQuHWeU+42aKi1wWig/j4ele4ygELZ7PEO6MM7rim9oAQH2A5MWfsAVf/jPvTPgCbvUQ==}
    engines: {node: '>=0.6'}

  query-string@9.0.0:
    resolution: {integrity: sha512-4EWwcRGsO2H+yzq6ddHcVqkCQ2EFUSfDMEjF8ryp8ReymyZhIuaFRGLomeOQLkrzacMHoyky2HW0Qe30UbzkKw==}
    engines: {node: '>=18'}

  queue-microtask@1.2.3:
    resolution: {integrity: sha512-NuaNSa6flKT5JaSYQzJok04JzTL1CA6aGhv5rfLW3PgqA+M2ChpZQnAC8h8i4ZFkBS8X5RqkDBHA7r4hej3K9A==}

  react-dom@18.2.0:
    resolution: {integrity: sha512-6IMTriUmvsjHUjNtEDudZfuDQUoWXVxKHhlEGSk81n4YFS+r/Kl99wXiwlVXtPBtJenozv2P+hxDsw9eA7Xo6g==}
    peerDependencies:
      react: ^18.2.0

  react-is@16.13.1:
    resolution: {integrity: sha512-24e6ynE2H+OKt4kqsOvNd8kBpV65zoxbA4BVsEOB3ARVWQki/DHzaUoC5KuON/BiccDaCCTZBuOcfZs70kR8bQ==}

  react-number-format@5.3.4:
    resolution: {integrity: sha512-2hHN5mbLuCDUx19bv0Q8wet67QqYK6xmtLQeY5xx+h7UXiMmRtaCwqko4mMPoKXLc6xAzwRrutg8XbTRlsfjRg==}
    peerDependencies:
      react: ^0.14 || ^15.0.0 || ^16.0.0 || ^17.0.0 || ^18.0.0
      react-dom: ^0.14 || ^15.0.0 || ^16.0.0 || ^17.0.0 || ^18.0.0

  react-remove-scroll-bar@2.3.6:
    resolution: {integrity: sha512-DtSYaao4mBmX+HDo5YWYdBWQwYIQQshUV/dVxFxK+KM26Wjwp1gZ6rv6OC3oujI6Bfu6Xyg3TwK533AQutsn/g==}
    engines: {node: '>=10'}
    peerDependencies:
      '@types/react': ^16.8.0 || ^17.0.0 || ^18.0.0
      react: ^16.8.0 || ^17.0.0 || ^18.0.0
    peerDependenciesMeta:
      '@types/react':
        optional: true

  react-remove-scroll@2.5.9:
    resolution: {integrity: sha512-bvHCLBrFfM2OgcrpPY2YW84sPdS2o2HKWJUf1xGyGLnSoEnOTOBpahIarjRuYtN0ryahCeP242yf+5TrBX/pZA==}
    engines: {node: '>=10'}
    peerDependencies:
      '@types/react': ^16.8.0 || ^17.0.0 || ^18.0.0
      react: ^16.8.0 || ^17.0.0 || ^18.0.0
    peerDependenciesMeta:
      '@types/react':
        optional: true

  react-style-singleton@2.2.1:
    resolution: {integrity: sha512-ZWj0fHEMyWkHzKYUr2Bs/4zU6XLmq9HsgBURm7g5pAVfyn49DgUiNgY2d4lXRlYSiCif9YBGpQleewkcqddc7g==}
    engines: {node: '>=10'}
    peerDependencies:
      '@types/react': ^16.8.0 || ^17.0.0 || ^18.0.0
      react: ^16.8.0 || ^17.0.0 || ^18.0.0
    peerDependenciesMeta:
      '@types/react':
        optional: true

  react-textarea-autosize@8.5.3:
    resolution: {integrity: sha512-XT1024o2pqCuZSuBt9FwHlaDeNtVrtCXu0Rnz88t1jUGheCLa3PhjE1GH8Ctm2axEtvdCl5SUHYschyQ0L5QHQ==}
    engines: {node: '>=10'}
    peerDependencies:
      react: ^16.8.0 || ^17.0.0 || ^18.0.0

  react@18.2.0:
    resolution: {integrity: sha512-/3IjMdb2L9QbBdWiW5e3P2/npwMBaU9mHCSCUzNln0ZCYbcfTsGbTJrU/kGemdH2IWmB2ioZ+zkxtmq6g09fGQ==}
    engines: {node: '>=0.10.0'}

  regenerator-runtime@0.14.1:
    resolution: {integrity: sha512-dYnhHh0nJoMfnkZs6GmmhFknAGRrLznOu5nc9ML+EJxGvrx6H7teuevqVqCuPcPK//3eDrrjQhehXVx9cnkGdw==}

  reusify@1.0.4:
    resolution: {integrity: sha512-U9nH88a3fc/ekCF1l0/UP1IosiuIjyTh7hBvXVMHYgVcfGvt897Xguj2UOLDeI5BG2m7/uwyaLVT6fbtCwTyzw==}
    engines: {iojs: '>=1.0.0', node: '>=0.10.0'}

  run-parallel@1.2.0:
    resolution: {integrity: sha512-5l4VyZR86LZ/lDxZTR6jqL8AFE2S0IFLMP26AbjsLVADxHdhB/c0GUsH+y39UfCi3dzz8OlQuPmnaJOMoDHQBA==}

  scheduler@0.23.0:
    resolution: {integrity: sha512-CtuThmgHNg7zIZWAXi3AsyIzA3n4xx7aNyjwC2VJldO2LMVDhFK+63xGqq6CsJH4rTAt6/M+N4GhZiDYPx9eUw==}

  set-function-length@1.2.2:
    resolution: {integrity: sha512-pgRc4hJ4/sNjWCSS9AmnS40x3bNMDTknHgL5UaMBTMyJnU90EgWh1Rz+MC9eFu4BuN/UwZjKQuY/1v3rM7HMfg==}
    engines: {node: '>= 0.4'}

  side-channel@1.0.6:
    resolution: {integrity: sha512-fDW/EZ6Q9RiO8eFG8Hj+7u/oW+XrPTIChwCOM2+th2A6OblDtYYIpve9m+KvI9Z4C9qSEXlaGR6bTEYHReuglA==}
    engines: {node: '>= 0.4'}

  source-map-js@1.2.0:
    resolution: {integrity: sha512-itJW8lvSA0TXEphiRoawsCksnlf8SyvmFzIhltqAHluXd88pkCd+cXJVHTDwdCr0IzwptSm035IHQktUu1QUMg==}
    engines: {node: '>=0.10.0'}

  split-on-first@3.0.0:
    resolution: {integrity: sha512-qxQJTx2ryR0Dw0ITYyekNQWpz6f8dGd7vffGNflQQ3Iqj9NJ6qiZ7ELpZsJ/QBhIVAiDfXdag3+Gp8RvWa62AA==}
    engines: {node: '>=12'}

  streamsearch@1.1.0:
    resolution: {integrity: sha512-Mcc5wHehp9aXz1ax6bZUyY5afg9u2rv5cqQI3mRrYkGC8rW2hM02jWuwjtL++LS5qinSyhj2QfLyNsuc+VsExg==}
    engines: {node: '>=10.0.0'}

  stripe@15.3.0:
    resolution: {integrity: sha512-5J1NUZaCy0DnFINyxKWR+107BQ7gkhhOwMRp+ckHQP8j7+0HbwE8cN2Vi/qnja3k3sFC2ft6g6hcvM7lmavEAQ==}
    engines: {node: '>=12.*'}

  styled-jsx@5.1.1:
    resolution: {integrity: sha512-pW7uC1l4mBZ8ugbiZrcIsiIvVx1UmTfw7UkC3Um2tmfUq9Bhk8IiyEIPl6F8agHgjzku6j0xQEZbfA5uSgSaCw==}
    engines: {node: '>= 12.0.0'}
    peerDependencies:
      '@babel/core': '*'
      babel-plugin-macros: '*'
      react: '>= 16.8.0 || 17.x.x || ^18.0.0-0'
    peerDependenciesMeta:
      '@babel/core':
        optional: true
      babel-plugin-macros:
        optional: true

  sugarss@4.0.1:
    resolution: {integrity: sha512-WCjS5NfuVJjkQzK10s8WOBY+hhDxxNt/N6ZaGwxFZ+wN3/lKKFSaaKUNecULcTTvE4urLcKaZFQD8vO0mOZujw==}
    engines: {node: '>=12.0'}
    peerDependencies:
      postcss: ^8.3.3

  tabbable@6.2.0:
    resolution: {integrity: sha512-Cat63mxsVJlzYvN51JmVXIgNoUokrIaT2zLclCXjRd8boZ0004U4KCs/sToJ75C6sdlByWxpYnb5Boif1VSFew==}

  to-regex-range@5.0.1:
    resolution: {integrity: sha512-65P7iz6X5yEr1cwcgvQxbbIw7Uk3gOy5dIdtZ4rDveLqhrdJP+Li/Hx6tyK0NEb+2GCyneCMJiGqrADCSNk8sQ==}
    engines: {node: '>=8.0'}

  ts-node@10.9.2:
    resolution: {integrity: sha512-f0FFpIdcHgn8zcPSbf1dRevwt047YMnaiJM3u2w2RewrB+fob/zePZcrOyQoLMMO7aBIddLcQIEK5dYjkLnGrQ==}
    hasBin: true
    peerDependencies:
      '@swc/core': '>=1.2.50'
      '@swc/wasm': '>=1.2.50'
      '@types/node': '*'
      typescript: '>=2.7'
    peerDependenciesMeta:
      '@swc/core':
        optional: true
      '@swc/wasm':
        optional: true

  tslib@2.6.2:
    resolution: {integrity: sha512-AEYxH93jGFPn/a2iVAwW87VuUIkR1FVUKB77NwMF7nBTDkDrrT/Hpt/IrCJ0QXhW27jTBDcf5ZY7w6RiqTMw2Q==}

  type-fest@4.15.0:
    resolution: {integrity: sha512-tB9lu0pQpX5KJq54g+oHOLumOx+pMep4RaM6liXh2PKmVRFF+/vAtUP0ZaJ0kOySfVNjF6doBWPHhBhISKdlIA==}
    engines: {node: '>=16'}

  typescript@5.4.5:
    resolution: {integrity: sha512-vcI4UpRgg81oIRUFwR0WSIHKt11nJ7SAVlYNIu+QpqeyXP+gpQJy/Z4+F0aGxSE4MqwjyXvW/TzgkLAx2AGHwQ==}
    engines: {node: '>=14.17'}
    hasBin: true

  undici-types@5.26.5:
    resolution: {integrity: sha512-JlCMO+ehdEIKqlFxk6IfVoAUVmgz7cU7zD/h9XZ0qzeosSHmUJVOzSQvvYSYWXkFXC+IfLKSIffhv0sVZup6pA==}

  use-callback-ref@1.3.2:
    resolution: {integrity: sha512-elOQwe6Q8gqZgDA8mrh44qRTQqpIHDcZ3hXTLjBe1i4ph8XpNJnO+aQf3NaG+lriLopI4HMx9VjQLfPQ6vhnoA==}
    engines: {node: '>=10'}
    peerDependencies:
      '@types/react': ^16.8.0 || ^17.0.0 || ^18.0.0
      react: ^16.8.0 || ^17.0.0 || ^18.0.0
    peerDependenciesMeta:
      '@types/react':
        optional: true

  use-composed-ref@1.3.0:
    resolution: {integrity: sha512-GLMG0Jc/jiKov/3Ulid1wbv3r54K9HlMW29IWcDFPEqFkSO2nS0MuefWgMJpeHQ9YJeXDL3ZUF+P3jdXlZX/cQ==}
    peerDependencies:
      react: ^16.8.0 || ^17.0.0 || ^18.0.0

  use-isomorphic-layout-effect@1.1.2:
    resolution: {integrity: sha512-49L8yCO3iGT/ZF9QttjwLF/ZD9Iwto5LnH5LmEdk/6cFmXddqi2ulF0edxTwjj+7mqvpVVGQWvbXZdn32wRSHA==}
    peerDependencies:
      '@types/react': '*'
      react: ^16.8.0 || ^17.0.0 || ^18.0.0
    peerDependenciesMeta:
      '@types/react':
        optional: true

  use-latest@1.2.1:
    resolution: {integrity: sha512-xA+AVm/Wlg3e2P/JiItTziwS7FK92LWrDB0p+hgXloIMuVCeJJ8v6f0eeHyPZaJrM+usM1FkFfbNCrJGs8A/zw==}
    peerDependencies:
      '@types/react': '*'
      react: ^16.8.0 || ^17.0.0 || ^18.0.0
    peerDependenciesMeta:
      '@types/react':
        optional: true

  use-sidecar@1.1.2:
    resolution: {integrity: sha512-epTbsLuzZ7lPClpz2TyryBfztm7m+28DlEv2ZCQ3MDr5ssiwyOwGH/e5F9CkfWjJ1t4clvI58yF822/GUkjjhw==}
    engines: {node: '>=10'}
    peerDependencies:
      '@types/react': ^16.9.0 || ^17.0.0 || ^18.0.0
      react: ^16.8.0 || ^17.0.0 || ^18.0.0
    peerDependenciesMeta:
      '@types/react':
        optional: true

  util-deprecate@1.0.2:
    resolution: {integrity: sha512-EPD5q1uXyFxJpCrLnCc1nHnq3gOa6DZBocAIiI2TaSCA7VCJ1UJDMagCzIkXNsUYfD1daK//LTEQ8xiIbrHtcw==}

  uuid@8.3.2:
    resolution: {integrity: sha512-+NYs2QeMWy+GWFOEm9xnn6HCDp0l7QBD7ml8zLUmJ+93Q5NF0NocErnwkTkXVFNiX3/fpC6afS8Dhb/gz7R7eg==}
    hasBin: true

  v8-compile-cache-lib@3.0.1:
    resolution: {integrity: sha512-wa7YjyUGfNZngI/vtK0UHAN+lgDCxBPCylVXGp0zu59Fz5aiGtNXaq3DhIov063MorB+VfufLh3JlF2KdTK3xg==}

  yallist@4.0.0:
    resolution: {integrity: sha512-3wdGidZyq5PB084XLES5TpOSRA3wjXAlIWMhum2kRcv/41Sn2emQ0dycQW4uZXLejwKvg6EsvbdlVL+FYEct7A==}

  yn@3.1.1:
    resolution: {integrity: sha512-Ux4ygGWsu2c7isFWe8Yu1YluJmqVhxqK2cLXNQA5AcC3QfbGNpM7fu0Y8b/z16pXLnFxZYvWhd3fhBY9DLmC6Q==}
    engines: {node: '>=6'}

snapshots:

  '@auth/core@0.30.0':
    dependencies:
      '@panva/hkdf': 1.1.1
      '@types/cookie': 0.6.0
      cookie: 0.6.0
      jose: 5.2.4
      oauth4webapi: 2.10.4
      preact: 10.11.3
      preact-render-to-string: 5.2.3(preact@10.11.3)

  '@auth/prisma-adapter@2.0.0(@prisma/client@5.12.1(prisma@5.12.1))':
    dependencies:
      '@auth/core': 0.30.0
      '@prisma/client': 5.12.1(prisma@5.12.1)
    transitivePeerDependencies:
      - '@simplewebauthn/browser'
      - '@simplewebauthn/server'
      - nodemailer

  '@babel/runtime@7.24.4':
    dependencies:
      regenerator-runtime: 0.14.1

  '@cspotcode/source-map-support@0.8.1':
    dependencies:
      '@jridgewell/trace-mapping': 0.3.9

  '@faker-js/faker@8.4.1': {}

  '@floating-ui/core@1.6.0':
    dependencies:
      '@floating-ui/utils': 0.2.1

  '@floating-ui/dom@1.6.3':
    dependencies:
      '@floating-ui/core': 1.6.0
      '@floating-ui/utils': 0.2.1

  '@floating-ui/react-dom@2.0.8(react-dom@18.2.0(react@18.2.0))(react@18.2.0)':
    dependencies:
      '@floating-ui/dom': 1.6.3
      react: 18.2.0
      react-dom: 18.2.0(react@18.2.0)

  '@floating-ui/react@0.26.12(react-dom@18.2.0(react@18.2.0))(react@18.2.0)':
    dependencies:
      '@floating-ui/react-dom': 2.0.8(react-dom@18.2.0(react@18.2.0))(react@18.2.0)
      '@floating-ui/utils': 0.2.1
      react: 18.2.0
      react-dom: 18.2.0(react@18.2.0)
      tabbable: 6.2.0

  '@floating-ui/utils@0.2.1': {}

  '@jridgewell/resolve-uri@3.1.2': {}

  '@jridgewell/sourcemap-codec@1.4.15': {}

  '@jridgewell/trace-mapping@0.3.9':
    dependencies:
      '@jridgewell/resolve-uri': 3.1.2
      '@jridgewell/sourcemap-codec': 1.4.15

  '@mantine/core@7.8.0(@mantine/hooks@7.8.0(react@18.2.0))(@types/react@18.2.79)(react-dom@18.2.0(react@18.2.0))(react@18.2.0)':
    dependencies:
      '@floating-ui/react': 0.26.12(react-dom@18.2.0(react@18.2.0))(react@18.2.0)
      '@mantine/hooks': 7.8.0(react@18.2.0)
      clsx: 2.1.0
      react: 18.2.0
      react-dom: 18.2.0(react@18.2.0)
      react-number-format: 5.3.4(react-dom@18.2.0(react@18.2.0))(react@18.2.0)
      react-remove-scroll: 2.5.9(@types/react@18.2.79)(react@18.2.0)
      react-textarea-autosize: 8.5.3(@types/react@18.2.79)(react@18.2.0)
      type-fest: 4.15.0
    transitivePeerDependencies:
      - '@types/react'

  '@mantine/hooks@7.8.0(react@18.2.0)':
    dependencies:
      react: 18.2.0

  '@next/env@14.2.2': {}

  '@next/swc-darwin-arm64@14.2.2':
    optional: true

  '@next/swc-darwin-x64@14.2.2':
    optional: true

  '@next/swc-linux-arm64-gnu@14.2.2':
    optional: true

  '@next/swc-linux-arm64-musl@14.2.2':
    optional: true

  '@next/swc-linux-x64-gnu@14.2.2':
    optional: true

  '@next/swc-linux-x64-musl@14.2.2':
    optional: true

  '@next/swc-win32-arm64-msvc@14.2.2':
    optional: true

  '@next/swc-win32-ia32-msvc@14.2.2':
    optional: true

  '@next/swc-win32-x64-msvc@14.2.2':
    optional: true

  '@nodelib/fs.scandir@2.1.5':
    dependencies:
      '@nodelib/fs.stat': 2.0.5
      run-parallel: 1.2.0

  '@nodelib/fs.stat@2.0.5': {}

  '@nodelib/fs.walk@1.2.8':
    dependencies:
      '@nodelib/fs.scandir': 2.1.5
      fastq: 1.17.1

  '@panva/hkdf@1.1.1': {}

  '@prisma/client@5.12.1(prisma@5.12.1)':
    optionalDependencies:
      prisma: 5.12.1

  '@prisma/debug@5.12.1': {}

  '@prisma/engines-version@5.12.0-21.473ed3124229e22d881cb7addf559799debae1ab': {}

  '@prisma/engines@5.12.1':
    dependencies:
      '@prisma/debug': 5.12.1
      '@prisma/engines-version': 5.12.0-21.473ed3124229e22d881cb7addf559799debae1ab
      '@prisma/fetch-engine': 5.12.1
      '@prisma/get-platform': 5.12.1

  '@prisma/fetch-engine@5.12.1':
    dependencies:
      '@prisma/debug': 5.12.1
      '@prisma/engines-version': 5.12.0-21.473ed3124229e22d881cb7addf559799debae1ab
      '@prisma/get-platform': 5.12.1

  '@prisma/get-platform@5.12.1':
    dependencies:
      '@prisma/debug': 5.12.1

  '@swc/counter@0.1.3': {}

  '@swc/helpers@0.5.5':
    dependencies:
      '@swc/counter': 0.1.3
      tslib: 2.6.2

  '@tabler/icons-react@3.2.0(react@18.2.0)':
    dependencies:
      '@tabler/icons': 3.2.0
      react: 18.2.0

  '@tabler/icons@3.2.0': {}

  '@tsconfig/node10@1.0.11': {}

  '@tsconfig/node12@1.0.11': {}

  '@tsconfig/node14@1.0.3': {}

  '@tsconfig/node16@1.0.4': {}

  '@types/cookie@0.6.0': {}

  '@types/node@20.12.7':
    dependencies:
      undici-types: 5.26.5

  '@types/prop-types@15.7.12': {}

  '@types/react-dom@18.2.25':
    dependencies:
      '@types/react': 18.2.79

  '@types/react@18.2.79':
    dependencies:
      '@types/prop-types': 15.7.12
      csstype: 3.1.3

  acorn-walk@8.3.2: {}

  acorn@8.11.3: {}

  arg@4.1.3: {}

  braces@3.0.2:
    dependencies:
      fill-range: 7.0.1

  busboy@1.6.0:
    dependencies:
      streamsearch: 1.1.0

  call-bind@1.0.7:
    dependencies:
      es-define-property: 1.0.0
      es-errors: 1.3.0
      function-bind: 1.1.2
      get-intrinsic: 1.2.4
      set-function-length: 1.2.2

  camelcase-css@2.0.1: {}

  caniuse-lite@1.0.30001610: {}

  client-only@0.0.1: {}

  clsx@2.1.0: {}

  cookie@0.5.0: {}

  cookie@0.6.0: {}

  create-require@1.1.1: {}

  cssesc@3.0.0: {}

  csstype@3.1.3: {}

  decode-uri-component@0.4.1: {}

  define-data-property@1.1.4:
    dependencies:
      es-define-property: 1.0.0
      es-errors: 1.3.0
      gopd: 1.0.1

  detect-node-es@1.1.0: {}

  diff@4.0.2: {}

  es-define-property@1.0.0:
    dependencies:
      get-intrinsic: 1.2.4

  es-errors@1.3.0: {}

  fast-glob@3.3.2:
    dependencies:
      '@nodelib/fs.stat': 2.0.5
      '@nodelib/fs.walk': 1.2.8
      glob-parent: 5.1.2
      merge2: 1.4.1
      micromatch: 4.0.5

  fastq@1.17.1:
    dependencies:
      reusify: 1.0.4

  fill-range@7.0.1:
    dependencies:
      to-regex-range: 5.0.1

  filter-obj@5.1.0: {}

  function-bind@1.1.2: {}

  get-intrinsic@1.2.4:
    dependencies:
      es-errors: 1.3.0
      function-bind: 1.1.2
      has-proto: 1.0.3
      has-symbols: 1.0.3
      hasown: 2.0.2

  get-nonce@1.0.1: {}

  glob-parent@5.1.2:
    dependencies:
      is-glob: 4.0.3

  gopd@1.0.1:
    dependencies:
      get-intrinsic: 1.2.4

  graceful-fs@4.2.11: {}

  has-property-descriptors@1.0.2:
    dependencies:
      es-define-property: 1.0.0

  has-proto@1.0.3: {}

  has-symbols@1.0.3: {}

  hasown@2.0.2:
    dependencies:
      function-bind: 1.1.2

  invariant@2.2.4:
    dependencies:
      loose-envify: 1.4.0

  is-extglob@2.1.1: {}

  is-glob@4.0.3:
    dependencies:
      is-extglob: 2.1.1

  is-number@7.0.0: {}

  jose@4.15.5: {}

  jose@5.2.4: {}

  js-tokens@4.0.0: {}

  loose-envify@1.4.0:
    dependencies:
      js-tokens: 4.0.0

  lru-cache@6.0.0:
    dependencies:
      yallist: 4.0.0

  make-error@1.3.6: {}

  merge2@1.4.1: {}

  micromatch@4.0.5:
    dependencies:
      braces: 3.0.2
      picomatch: 2.3.1

  nanoid@3.3.7: {}

  next-auth@4.24.7(next@14.2.2(react-dom@18.2.0(react@18.2.0))(react@18.2.0))(react-dom@18.2.0(react@18.2.0))(react@18.2.0):
    dependencies:
      '@babel/runtime': 7.24.4
      '@panva/hkdf': 1.1.1
      cookie: 0.5.0
      jose: 4.15.5
      next: 14.2.2(react-dom@18.2.0(react@18.2.0))(react@18.2.0)
      oauth: 0.9.15
      openid-client: 5.6.5
      preact: 10.20.2
      preact-render-to-string: 5.2.6(preact@10.20.2)
      react: 18.2.0
      react-dom: 18.2.0(react@18.2.0)
      uuid: 8.3.2

  next@14.2.2(react-dom@18.2.0(react@18.2.0))(react@18.2.0):
    dependencies:
      '@next/env': 14.2.2
      '@swc/helpers': 0.5.5
      busboy: 1.6.0
      caniuse-lite: 1.0.30001610
      graceful-fs: 4.2.11
      postcss: 8.4.31
      react: 18.2.0
      react-dom: 18.2.0(react@18.2.0)
      styled-jsx: 5.1.1(react@18.2.0)
    optionalDependencies:
      '@next/swc-darwin-arm64': 14.2.2
      '@next/swc-darwin-x64': 14.2.2
      '@next/swc-linux-arm64-gnu': 14.2.2
      '@next/swc-linux-arm64-musl': 14.2.2
      '@next/swc-linux-x64-gnu': 14.2.2
      '@next/swc-linux-x64-musl': 14.2.2
      '@next/swc-win32-arm64-msvc': 14.2.2
      '@next/swc-win32-ia32-msvc': 14.2.2
      '@next/swc-win32-x64-msvc': 14.2.2
    transitivePeerDependencies:
      - '@babel/core'
      - babel-plugin-macros

  oauth4webapi@2.10.4: {}

  oauth@0.9.15: {}

  object-assign@4.1.1: {}

  object-hash@2.2.0: {}

  object-inspect@1.13.1: {}

  oidc-token-hash@5.0.3: {}

  openid-client@5.6.5:
    dependencies:
      jose: 4.15.5
      lru-cache: 6.0.0
      object-hash: 2.2.0
      oidc-token-hash: 5.0.3

  picocolors@1.0.0: {}

  picomatch@2.3.1: {}

  postcss-js@4.0.1(postcss@8.4.38):
    dependencies:
      camelcase-css: 2.0.1
      postcss: 8.4.38

  postcss-mixins@9.0.4(postcss@8.4.38):
    dependencies:
      fast-glob: 3.3.2
      postcss: 8.4.38
      postcss-js: 4.0.1(postcss@8.4.38)
      postcss-simple-vars: 7.0.1(postcss@8.4.38)
      sugarss: 4.0.1(postcss@8.4.38)

  postcss-nested@6.0.1(postcss@8.4.38):
    dependencies:
      postcss: 8.4.38
      postcss-selector-parser: 6.0.16

  postcss-preset-mantine@1.14.4(postcss@8.4.38):
    dependencies:
      postcss: 8.4.38
      postcss-mixins: 9.0.4(postcss@8.4.38)
      postcss-nested: 6.0.1(postcss@8.4.38)

  postcss-selector-parser@6.0.16:
    dependencies:
      cssesc: 3.0.0
      util-deprecate: 1.0.2

  postcss-simple-vars@7.0.1(postcss@8.4.38):
    dependencies:
      postcss: 8.4.38

  postcss@8.4.31:
    dependencies:
      nanoid: 3.3.7
      picocolors: 1.0.0
      source-map-js: 1.2.0

  postcss@8.4.38:
    dependencies:
      nanoid: 3.3.7
      picocolors: 1.0.0
      source-map-js: 1.2.0

  preact-render-to-string@5.2.3(preact@10.11.3):
    dependencies:
      preact: 10.11.3
      pretty-format: 3.8.0

  preact-render-to-string@5.2.6(preact@10.20.2):
    dependencies:
      preact: 10.20.2
      pretty-format: 3.8.0

  preact@10.11.3: {}

  preact@10.20.2: {}

  pretty-format@3.8.0: {}

  prisma@5.12.1:
    dependencies:
      '@prisma/engines': 5.12.1

  prop-types@15.8.1:
    dependencies:
      loose-envify: 1.4.0
      object-assign: 4.1.1
      react-is: 16.13.1

  qs@6.12.1:
    dependencies:
      side-channel: 1.0.6

  query-string@9.0.0:
    dependencies:
      decode-uri-component: 0.4.1
      filter-obj: 5.1.0
      split-on-first: 3.0.0

  queue-microtask@1.2.3: {}

  react-dom@18.2.0(react@18.2.0):
    dependencies:
      loose-envify: 1.4.0
      react: 18.2.0
      scheduler: 0.23.0

  react-is@16.13.1: {}

  react-number-format@5.3.4(react-dom@18.2.0(react@18.2.0))(react@18.2.0):
    dependencies:
      prop-types: 15.8.1
      react: 18.2.0
      react-dom: 18.2.0(react@18.2.0)

  react-remove-scroll-bar@2.3.6(@types/react@18.2.79)(react@18.2.0):
    dependencies:
      react: 18.2.0
      react-style-singleton: 2.2.1(@types/react@18.2.79)(react@18.2.0)
      tslib: 2.6.2
    optionalDependencies:
      '@types/react': 18.2.79

  react-remove-scroll@2.5.9(@types/react@18.2.79)(react@18.2.0):
    dependencies:
      react: 18.2.0
      react-remove-scroll-bar: 2.3.6(@types/react@18.2.79)(react@18.2.0)
      react-style-singleton: 2.2.1(@types/react@18.2.79)(react@18.2.0)
      tslib: 2.6.2
      use-callback-ref: 1.3.2(@types/react@18.2.79)(react@18.2.0)
      use-sidecar: 1.1.2(@types/react@18.2.79)(react@18.2.0)
    optionalDependencies:
      '@types/react': 18.2.79

  react-style-singleton@2.2.1(@types/react@18.2.79)(react@18.2.0):
    dependencies:
      get-nonce: 1.0.1
      invariant: 2.2.4
      react: 18.2.0
      tslib: 2.6.2
    optionalDependencies:
      '@types/react': 18.2.79

  react-textarea-autosize@8.5.3(@types/react@18.2.79)(react@18.2.0):
    dependencies:
      '@babel/runtime': 7.24.4
      react: 18.2.0
      use-composed-ref: 1.3.0(react@18.2.0)
      use-latest: 1.2.1(@types/react@18.2.79)(react@18.2.0)
    transitivePeerDependencies:
      - '@types/react'

  react@18.2.0:
    dependencies:
      loose-envify: 1.4.0

  regenerator-runtime@0.14.1: {}

  reusify@1.0.4: {}

  run-parallel@1.2.0:
    dependencies:
      queue-microtask: 1.2.3

  scheduler@0.23.0:
    dependencies:
      loose-envify: 1.4.0

  set-function-length@1.2.2:
    dependencies:
      define-data-property: 1.1.4
      es-errors: 1.3.0
      function-bind: 1.1.2
      get-intrinsic: 1.2.4
      gopd: 1.0.1
      has-property-descriptors: 1.0.2

  side-channel@1.0.6:
    dependencies:
      call-bind: 1.0.7
      es-errors: 1.3.0
      get-intrinsic: 1.2.4
      object-inspect: 1.13.1

  source-map-js@1.2.0: {}

  split-on-first@3.0.0: {}

  streamsearch@1.1.0: {}

  stripe@15.3.0:
    dependencies:
      '@types/node': 20.12.7
      qs: 6.12.1

  styled-jsx@5.1.1(react@18.2.0):
    dependencies:
      client-only: 0.0.1
      react: 18.2.0

  sugarss@4.0.1(postcss@8.4.38):
    dependencies:
      postcss: 8.4.38

  tabbable@6.2.0: {}

  to-regex-range@5.0.1:
    dependencies:
      is-number: 7.0.0

  ts-node@10.9.2(@types/node@20.12.7)(typescript@5.4.5):
    dependencies:
      '@cspotcode/source-map-support': 0.8.1
      '@tsconfig/node10': 1.0.11
      '@tsconfig/node12': 1.0.11
      '@tsconfig/node14': 1.0.3
      '@tsconfig/node16': 1.0.4
      '@types/node': 20.12.7
      acorn: 8.11.3
      acorn-walk: 8.3.2
      arg: 4.1.3
      create-require: 1.1.1
      diff: 4.0.2
      make-error: 1.3.6
      typescript: 5.4.5
      v8-compile-cache-lib: 3.0.1
      yn: 3.1.1

  tslib@2.6.2: {}

  type-fest@4.15.0: {}

  typescript@5.4.5: {}

  undici-types@5.26.5: {}

  use-callback-ref@1.3.2(@types/react@18.2.79)(react@18.2.0):
    dependencies:
      react: 18.2.0
      tslib: 2.6.2
    optionalDependencies:
      '@types/react': 18.2.79

  use-composed-ref@1.3.0(react@18.2.0):
    dependencies:
      react: 18.2.0

  use-isomorphic-layout-effect@1.1.2(@types/react@18.2.79)(react@18.2.0):
    dependencies:
      react: 18.2.0
    optionalDependencies:
      '@types/react': 18.2.79

  use-latest@1.2.1(@types/react@18.2.79)(react@18.2.0):
    dependencies:
      react: 18.2.0
      use-isomorphic-layout-effect: 1.1.2(@types/react@18.2.79)(react@18.2.0)
    optionalDependencies:
      '@types/react': 18.2.79

  use-sidecar@1.1.2(@types/react@18.2.79)(react@18.2.0):
    dependencies:
      detect-node-es: 1.1.0
      react: 18.2.0
      tslib: 2.6.2
    optionalDependencies:
      '@types/react': 18.2.79

  util-deprecate@1.0.2: {}

  uuid@8.3.2: {}

  v8-compile-cache-lib@3.0.1: {}

  yallist@4.0.0: {}

  yn@3.1.1: {}
